
Microsoft Visual Studio Solution File, Format Version 12.00
# Visual Studio Version 17
VisualStudioVersion = 17.9.34622.214
MinimumVisualStudioVersion = 10.0.40219.1
Project("{FAE04EC0-301F-11D3-BF4B-00C04F79EFBC}") = "LojaBrinquedos", "LojaBrinquedos\LojaBrinquedos.csproj", "{EB789737-F5F3-4D88-826E-20AB5CA67E8C}"
EndProject
Global
	GlobalSection(SolutionConfigurationPlatforms) = preSolution
		Debug|Any CPU = Debug|Any CPU
		Release|Any CPU = Release|Any CPU
	EndGlobalSection
	GlobalSection(ProjectConfigurationPlatforms) = postSolution
		{EB789737-F5F3-4D88-826E-20AB5CA67E8C}.Debug|Any CPU.ActiveCfg = Debug|Any CPU
		{EB789737-F5F3-4D88-826E-20AB5CA67E8C}.Debug|Any CPU.Build.0 = Debug|Any CPU
		{EB789737-F5F3-4D88-826E-20AB5CA67E8C}.Release|Any CPU.ActiveCfg = Release|Any CPU
		{EB789737-F5F3-4D88-826E-20AB5CA67E8C}.Release|Any CPU.Build.0 = Release|Any CPU
	EndGlobalSection
	GlobalSection(SolutionProperties) = preSolution
		HideSolutionNode = FALSE
	EndGlobalSection
	GlobalSection(ExtensibilityGlobals) = postSolution
		SolutionGuid = {63EC9731-8F93-4991-923A-FB4FCE3EF62C}
	EndGlobalSection
EndGlobal
